
Microsoft Visual Studio Solution File, Format Version 12.00
# Visual Studio Version 16
VisualStudioVersion = 16.0.28922.388
MinimumVisualStudioVersion = 10.0.40219.1
Project("{FAE04EC0-301F-11D3-BF4B-00C04F79EFBC}") = "LABQ2", "LABQ2\LABQ2.csproj", "{98DC66D3-C07A-40CA-ADB8-4628C25D5100}"
EndProject
Global
	GlobalSection(SolutionConfigurationPlatforms) = preSolution
		Debug|Any CPU = Debug|Any CPU
		Release|Any CPU = Release|Any CPU
	EndGlobalSection
	GlobalSection(ProjectConfigurationPlatforms) = postSolution
		{98DC66D3-C07A-40CA-ADB8-4628C25D5100}.Debug|Any CPU.ActiveCfg = Debug|Any CPU
		{98DC66D3-C07A-40CA-ADB8-4628C25D5100}.Debug|Any CPU.Build.0 = Debug|Any CPU
		{98DC66D3-C07A-40CA-ADB8-4628C25D5100}.Release|Any CPU.ActiveCfg = Release|Any CPU
		{98DC66D3-C07A-40CA-ADB8-4628C25D5100}.Release|Any CPU.Build.0 = Release|Any CPU
	EndGlobalSection
	GlobalSection(SolutionProperties) = preSolution
		HideSolutionNode = FALSE
	EndGlobalSection
	GlobalSection(ExtensibilityGlobals) = postSolution
		SolutionGuid = {0479BBF9-D412-48DF-81FC-5F79DE65FFCA}
	EndGlobalSection
EndGlobal
